
Microsoft Visual Studio Solution File, Format Version 12.00
# Blend for Visual Studio Version 16
VisualStudioVersion = 16.0.31624.102
MinimumVisualStudioVersion = 10.0.40219.1
Project("{8BC9CEB8-8B4A-11D0-8D11-00A0C91BC942}") = "Jogo", "Jogo\Jogo.vcxproj", "{412E1076-401C-4AA8-A98B-267CE45CE69D}"
EndProject
Project("{8BC9CEB8-8B4A-11D0-8D11-00A0C91BC942}") = "DrawCurves", "DrawCurves\DrawCurves.vcxproj", "{BB371853-AB9B-431A-9D6E-6F370729FAB5}"
EndProject
Project("{8BC9CEB8-8B4A-11D0-8D11-00A0C91BC942}") = "Tetris", "Tetris\Tetris.vcxproj", "{2AAB3F7C-4CDE-4E9E-97AE-6803564865D4}"
	ProjectSection(ProjectDependencies) = postProject
		{412E1076-401C-4AA8-A98B-267CE45CE69D} = {412E1076-401C-4AA8-A98B-267CE45CE69D}
	EndProjectSection
EndProject
Global
	GlobalSection(SolutionConfigurationPlatforms) = preSolution
		Debug|x64 = Debug|x64
		Debug|x86 = Debug|x86
		Release|x64 = Release|x64
		Release|x86 = Release|x86
	EndGlobalSection
	GlobalSection(ProjectConfigurationPlatforms) = postSolution
		{412E1076-401C-4AA8-A98B-267CE45CE69D}.Debug|x64.ActiveCfg = Debug|x64
		{412E1076-401C-4AA8-A98B-267CE45CE69D}.Debug|x64.Build.0 = Debug|x64
		{412E1076-401C-4AA8-A98B-267CE45CE69D}.Debug|x86.ActiveCfg = Debug|Win32
		{412E1076-401C-4AA8-A98B-267CE45CE69D}.Debug|x86.Build.0 = Debug|Win32
		{412E1076-401C-4AA8-A98B-267CE45CE69D}.Release|x64.ActiveCfg = Release|x64
		{412E1076-401C-4AA8-A98B-267CE45CE69D}.Release|x64.Build.0 = Release|x64
		{412E1076-401C-4AA8-A98B-267CE45CE69D}.Release|x86.ActiveCfg = Release|Win32
		{412E1076-401C-4AA8-A98B-267CE45CE69D}.Release|x86.Build.0 = Release|Win32
		{BB371853-AB9B-431A-9D6E-6F370729FAB5}.Debug|x64.ActiveCfg = Debug|x64
		{BB371853-AB9B-431A-9D6E-6F370729FAB5}.Debug|x64.Build.0 = Debug|x64
		{BB371853-AB9B-431A-9D6E-6F370729FAB5}.Debug|x86.ActiveCfg = Debug|Win32
		{BB371853-AB9B-431A-9D6E-6F370729FAB5}.Debug|x86.Build.0 = Debug|Win32
		{BB371853-AB9B-431A-9D6E-6F370729FAB5}.Release|x64.ActiveCfg = Release|x64
		{BB371853-AB9B-431A-9D6E-6F370729FAB5}.Release|x64.Build.0 = Release|x64
		{BB371853-AB9B-431A-9D6E-6F370729FAB5}.Release|x86.ActiveCfg = Release|Win32
		{BB371853-AB9B-431A-9D6E-6F370729FAB5}.Release|x86.Build.0 = Release|Win32
		{2AAB3F7C-4CDE-4E9E-97AE-6803564865D4}.Debug|x64.ActiveCfg = Debug|x64
		{2AAB3F7C-4CDE-4E9E-97AE-6803564865D4}.Debug|x64.Build.0 = Debug|x64
		{2AAB3F7C-4CDE-4E9E-97AE-6803564865D4}.Debug|x86.ActiveCfg = Debug|Win32
		{2AAB3F7C-4CDE-4E9E-97AE-6803564865D4}.Debug|x86.Build.0 = Debug|Win32
		{2AAB3F7C-4CDE-4E9E-97AE-6803564865D4}.Release|x64.ActiveCfg = Release|x64
		{2AAB3F7C-4CDE-4E9E-97AE-6803564865D4}.Release|x64.Build.0 = Release|x64
		{2AAB3F7C-4CDE-4E9E-97AE-6803564865D4}.Release|x86.ActiveCfg = Release|Win32
		{2AAB3F7C-4CDE-4E9E-97AE-6803564865D4}.Release|x86.Build.0 = Release|Win32
	EndGlobalSection
	GlobalSection(SolutionProperties) = preSolution
		HideSolutionNode = FALSE
	EndGlobalSection
	GlobalSection(ExtensibilityGlobals) = postSolution
		SolutionGuid = {68CDD610-E6E5-4688-B53D-238951A8E123}
	EndGlobalSection
EndGlobal
